// !$*UTF8*$!
{
	archiveVersion = 1;
	classes = {
	};
	objectVersion = 50;
	objects = {

/* Begin PBXBuildFile section */
		081B130522B4320900C3DFD4 /* AppDelegate.swift in Sources */ = {isa = PBXBuildFile; fileRef = 081B130422B4320900C3DFD4 /* AppDelegate.swift */; };
		081B130722B4320900C3DFD4 /* WelcomeVC.swift in Sources */ = {isa = PBXBuildFile; fileRef = 081B130622B4320900C3DFD4 /* WelcomeVC.swift */; };
		081B130A22B4320900C3DFD4 /* Main.storyboard in Resources */ = {isa = PBXBuildFile; fileRef = 081B130822B4320900C3DFD4 /* Main.storyboard */; };
		081B130C22B4320A00C3DFD4 /* Assets.xcassets in Resources */ = {isa = PBXBuildFile; fileRef = 081B130B22B4320A00C3DFD4 /* Assets.xcassets */; };
		081B130F22B4320A00C3DFD4 /* LaunchScreen.storyboard in Resources */ = {isa = PBXBuildFile; fileRef = 081B130D22B4320A00C3DFD4 /* LaunchScreen.storyboard */; };
		081B131822B4BFA900C3DFD4 /* BorderButton.swift in Sources */ = {isa = PBXBuildFile; fileRef = 081B131722B4BFA900C3DFD4 /* BorderButton.swift */; };
		081B131C22B8A8F600C3DFD4 /* LeaugeVC.swift in Sources */ = {isa = PBXBuildFile; fileRef = 081B131B22B8A8F600C3DFD4 /* LeaugeVC.swift */; };
		081B131E22B8A90F00C3DFD4 /* SkillsVC.swift in Sources */ = {isa = PBXBuildFile; fileRef = 081B131D22B8A90F00C3DFD4 /* SkillsVC.swift */; };
		081B132022B991AE00C3DFD4 /* Player.swift in Sources */ = {isa = PBXBuildFile; fileRef = 081B131F22B991AE00C3DFD4 /* Player.swift */; };
/* End PBXBuildFile section */

/* Begin PBXFileReference section */
		081B130122B4320900C3DFD4 /* app-swoosh.app */ = {isa = PBXFileReference; explicitFileType = wrapper.application; includeInIndex = 0; path = "app-swoosh.app"; sourceTree = BUILT_PRODUCTS_DIR; };
		081B130422B4320900C3DFD4 /* AppDelegate.swift */ = {isa = PBXFileReference; lastKnownFileType = sourcecode.swift; path = AppDelegate.swift; sourceTree = "<group>"; };
		081B130622B4320900C3DFD4 /* WelcomeVC.swift */ = {isa = PBXFileReference; lastKnownFileType = sourcecode.swift; path = WelcomeVC.swift; sourceTree = "<group>"; };
		081B130922B4320900C3DFD4 /* Base */ = {isa = PBXFileReference; lastKnownFileType = file.storyboard; name = Base; path = Base.lproj/Main.storyboard; sourceTree = "<group>"; };
		081B130B22B4320A00C3DFD4 /* Assets.xcassets */ = {isa = PBXFileReference; lastKnownFileType = folder.assetcatalog; path = Assets.xcassets; sourceTree = "<group>"; };
		081B130E22B4320A00C3DFD4 /* Base */ = {isa = PBXFileReference; lastKnownFileType = file.storyboard; name = Base; path = Base.lproj/LaunchScreen.storyboard; sourceTree = "<group>"; };
		081B131022B4320A00C3DFD4 /* Info.plist */ = {isa = PBXFileReference; lastKnownFileType = text.plist.xml; path = Info.plist; sourceTree = "<group>"; };
		081B131722B4BFA900C3DFD4 /* BorderButton.swift */ = {isa = PBXFileReference; lastKnownFileType = sourcecode.swift; path = BorderButton.swift; sourceTree = "<group>"; };
		081B131B22B8A8F600C3DFD4 /* LeaugeVC.swift */ = {isa = PBXFileReference; lastKnownFileType = sourcecode.swift; path = LeaugeVC.swift; sourceTree = "<group>"; };
		081B131D22B8A90F00C3DFD4 /* SkillsVC.swift */ = {isa = PBXFileReference; lastKnownFileType = sourcecode.swift; path = SkillsVC.swift; sourceTree = "<group>"; };
		081B131F22B991AE00C3DFD4 /* Player.swift */ = {isa = PBXFileReference; lastKnownFileType = sourcecode.swift; path = Player.swift; sourceTree = "<group>"; };
/* End PBXFileReference section */

/* Begin PBXFrameworksBuildPhase section */
		081B12FE22B4320900C3DFD4 /* Frameworks */ = {
			isa = PBXFrameworksBuildPhase;
			buildActionMask = 2147483647;
			files = (
			);
			runOnlyForDeploymentPostprocessing = 0;
		};
/* End PBXFrameworksBuildPhase section */

/* Begin PBXGroup section */
		081B12F822B4320900C3DFD4 = {
			isa = PBXGroup;
			children = (
				081B130322B4320900C3DFD4 /* app-swoosh */,
				081B130222B4320900C3DFD4 /* Products */,
			);
			sourceTree = "<group>";
		};
		081B130222B4320900C3DFD4 /* Products */ = {
			isa = PBXGroup;
			children = (
				081B130122B4320900C3DFD4 /* app-swoosh.app */,
			);
			name = Products;
			sourceTree = "<group>";
		};
		081B130322B4320900C3DFD4 /* app-swoosh */ = {
			isa = PBXGroup;
			children = (
				081B131A22B8A79100C3DFD4 /* Controllers */,
				081B131922B8A78600C3DFD4 /* Model */,
				081B131622B4BDD700C3DFD4 /* Views */,
				081B130422B4320900C3DFD4 /* AppDelegate.swift */,
				081B130822B4320900C3DFD4 /* Main.storyboard */,
				081B130B22B4320A00C3DFD4 /* Assets.xcassets */,
				081B130D22B4320A00C3DFD4 /* LaunchScreen.storyboard */,
				081B131022B4320A00C3DFD4 /* Info.plist */,
			);
			path = "app-swoosh";
			sourceTree = "<group>";
		};
		081B131622B4BDD700C3DFD4 /* Views */ = {
			isa = PBXGroup;
			children = (
				081B131722B4BFA900C3DFD4 /* BorderButton.swift */,
			);
			path = Views;
			sourceTree = "<group>";
		};
		081B131922B8A78600C3DFD4 /* Model */ = {
			isa = PBXGroup;
			children = (
				081B131F22B991AE00C3DFD4 /* Player.swift */,
			);
			path = Model;
			sourceTree = "<group>";
		};
		081B131A22B8A79100C3DFD4 /* Controllers */ = {
			isa = PBXGroup;
			children = (
				081B130622B4320900C3DFD4 /* WelcomeVC.swift */,
				081B131B22B8A8F600C3DFD4 /* LeaugeVC.swift */,
				081B131D22B8A90F00C3DFD4 /* SkillsVC.swift */,
			);
			path = Controllers;
			sourceTree = "<group>";
		};
/* End PBXGroup section */

/* Begin PBXNativeTarget section */
		081B130022B4320900C3DFD4 /* app-swoosh */ = {
			isa = PBXNativeTarget;
			buildConfigurationList = 081B131322B4320A00C3DFD4 /* Build configuration list for PBXNativeTarget "app-swoosh" */;
			buildPhases = (
				081B12FD22B4320900C3DFD4 /* Sources */,
				081B12FE22B4320900C3DFD4 /* Frameworks */,
				081B12FF22B4320900C3DFD4 /* Resources */,
			);
			buildRules = (
			);
			dependencies = (
			);
			name = "app-swoosh";
			productName = "app-swoosh";
			productReference = 081B130122B4320900C3DFD4 /* app-swoosh.app */;
			productType = "com.apple.product-type.application";
		};
/* End PBXNativeTarget section */

/* Begin PBXProject section */
		081B12F922B4320900C3DFD4 /* Project object */ = {
			isa = PBXProject;
			attributes = {
				LastSwiftUpdateCheck = 1020;
				LastUpgradeCheck = 1020;
				ORGANIZATIONNAME = "Volha  Stankevich";
				TargetAttributes = {
					081B130022B4320900C3DFD4 = {
						CreatedOnToolsVersion = 10.2.1;
					};
				};
			};
			buildConfigurationList = 081B12FC22B4320900C3DFD4 /* Build configuration list for PBXProject "app-swoosh" */;
			compatibilityVersion = "Xcode 9.3";
			developmentRegion = en;
			hasScannedForEncodings = 0;
			knownRegions = (
				en,
				Base,
			);
			mainGroup = 081B12F822B4320900C3DFD4;
			productRefGroup = 081B130222B4320900C3DFD4 /* Products */;
			projectDirPath = "";
			projectRoot = "";
			targets = (
				081B130022B4320900C3DFD4 /* app-swoosh */,
			);
		};
/* End PBXProject section */

/* Begin PBXResourcesBuildPhase section */
		081B12FF22B4320900C3DFD4 /* Resources */ = {
			isa = PBXResourcesBuildPhase;
			buildActionMask = 2147483647;
			files = (
				081B130F22B4320A00C3DFD4 /* LaunchScreen.storyboard in Resources */,
				081B130C22B4320A00C3DFD4 /* Assets.xcassets in Resources */,
				081B130A22B4320900C3DFD4 /* Main.storyboard in Resources */,
			);
			runOnlyForDeploymentPostprocessing = 0;
		};
/* End PBXResourcesBuildPhase section */

/* Begin PBXSourcesBuildPhase section */
		081B12FD22B4320900C3DFD4 /* Sources */ = {
			isa = PBXSourcesBuildPhase;
			buildActionMask = 2147483647;
			files = (
				081B130722B4320900C3DFD4 /* WelcomeVC.swift in Sources */,
				081B131C22B8A8F600C3DFD4 /* LeaugeVC.swift in Sources */,
				081B130522B4320900C3DFD4 /* AppDelegate.swift in Sources */,
				081B131E22B8A90F00C3DFD4 /* SkillsVC.swift in Sources */,
				081B132022B991AE00C3DFD4 /* Player.swift in Sources */,
				081B131822B4BFA900C3DFD4 /* BorderButton.swift in Sources */,
			);
			runOnlyForDeploymentPostprocessing = 0;
		};
/* End PBXSourcesBuildPhase section */

/* Begin PBXVariantGroup section */
		081B130822B4320900C3DFD4 /* Main.storyboard */ = {
			isa = PBXVariantGroup;
			children = (
				081B130922B4320900C3DFD4 /* Base */,
			);
			name = Main.storyboard;
			sourceTree = "<group>";
		};
		081B130D22B4320A00C3DFD4 /* LaunchScreen.storyboard */ = {
			isa = PBXVariantGroup;
			children = (
				081B130E22B4320A00C3DFD4 /* Base */,
			);
			name = LaunchScreen.storyboard;
			sourceTree = "<group>";
		};
/* End PBXVariantGroup section */

/* Begin XCBuildConfiguration section */
		081B131122B4320A00C3DFD4 /* Debug */ = {
			isa = XCBuildConfiguration;
			buildSettings = {
				ALWAYS_SEARCH_USER_PATHS = NO;
				CLANG_ANALYZER_NONNULL = YES;
				CLANG_ANALYZER_NUMBER_OBJECT_CONVERSION = YES_AGGRESSIVE;
				CLANG_CXX_LANGUAGE_STANDARD = "gnu++14";
				CLANG_CXX_LIBRARY = "libc++";
				CLANG_ENABLE_MODULES = YES;
				CLANG_ENABLE_OBJC_ARC = YES;
				CLANG_ENABLE_OBJC_WEAK = YES;
				CLANG_WARN_BLOCK_CAPTURE_AUTORELEASING = YES;
				CLANG_WARN_BOOL_CONVERSION = YES;
				CLANG_WARN_COMMA = YES;
				CLANG_WARN_CONSTANT_CONVERSION = YES;
				CLANG_WARN_DEPRECATED_OBJC_IMPLEMENTATIONS = YES;
				CLANG_WARN_DIRECT_OBJC_ISA_USAGE = YES_ERROR;
				CLANG_WARN_DOCUMENTATION_COMMENTS = YES;
				CLANG_WARN_EMPTY_BODY = YES;
				CLANG_WARN_ENUM_CONVERSION = YES;
				CLANG_WARN_INFINITE_RECURSION = YES;
				CLANG_WARN_INT_CONVERSION = YES;
				CLANG_WARN_NON_LITERAL_NULL_CONVERSION = YES;
				CLANG_WARN_OBJC_IMPLICIT_RETAIN_SELF = YES;
				CLANG_WARN_OBJC_LITERAL_CONVERSION = YES;
				CLANG_WARN_OBJC_ROOT_CLASS = YES_ERROR;
				CLANG_WARN_RANGE_LOOP_ANALYSIS = YES;
				CLANG_WARN_STRICT_PROTOTYPES = YES;
				CLANG_WARN_SUSPICIOUS_MOVE = YES;
				CLANG_WARN_UNGUARDED_AVAILABILITY = YES_AGGRESSIVE;
				CLANG_WARN_UNREACHABLE_CODE = YES;
				CLANG_WARN__DUPLICATE_METHOD_MATCH = YES;
				CODE_SIGN_IDENTITY = "iPhone Developer";
				COPY_PHASE_STRIP = NO;
				DEBUG_INFORMATION_FORMAT = dwarf;
				ENABLE_STRICT_OBJC_MSGSEND = YES;
				ENABLE_TESTABILITY = YES;
				GCC_C_LANGUAGE_STANDARD = gnu11;
				GCC_DYNAMIC_NO_PIC = NO;
				GCC_NO_COMMON_BLOCKS = YES;
				GCC_OPTIMIZATION_LEVEL = 0;
				GCC_PREPROCESSOR_DEFINITIONS = (
					"DEBUG=1",
					"$(inherited)",
				);
				GCC_WARN_64_TO_32_BIT_CONVERSION = YES;
				GCC_WARN_ABOUT_RETURN_TYPE = YES_ERROR;
				GCC_WARN_UNDECLARED_SELECTOR = YES;
				GCC_WARN_UNINITIALIZED_AUTOS = YES_AGGRESSIVE;
				GCC_WARN_UNUSED_FUNCTION = YES;
				GCC_WARN_UNUSED_VARIABLE = YES;
				IPHONEOS_DEPLOYMENT_TARGET = 12.2;
				MTL_ENABLE_DEBUG_INFO = INCLUDE_SOURCE;
				MTL_FAST_MATH = YES;
				ONLY_ACTIVE_ARCH = YES;
				SDKROOT = iphoneos;
				SWIFT_ACTIVE_COMPILATION_CONDITIONS = DEBUG;
				SWIFT_OPTIMIZATION_LEVEL = "-Onone";
			};
			name = Debug;
		};
		081B131222B4320A00C3DFD4 /* Release */ = {
			isa = XCBuildConfiguration;
			buildSettings = {
				ALWAYS_SEARCH_USER_PATHS = NO;
				CLANG_ANALYZER_NONNULL = YES;
				CLANG_ANALYZER_NUMBER_OBJECT_CONVERSION = YES_AGGRESSIVE;
				CLANG_CXX_LANGUAGE_STANDARD = "gnu++14";
				CLANG_CXX_LIBRARY = "libc++";
				CLANG_ENABLE_MODULES = YES;
				CLANG_ENABLE_OBJC_ARC = YES;
				CLANG_ENABLE_OBJC_WEAK = YES;
				CLANG_WARN_BLOCK_CAPTURE_AUTORELEASING = YES;
				CLANG_WARN_BOOL_CONVERSION = YES;
				CLANG_WARN_COMMA = YES;
				CLANG_WARN_CONSTANT_CONVERSION = YES;
				CLANG_WARN_DEPRECATED_OBJC_IMPLEMENTATIONS = YES;
				CLANG_WARN_DIRECT_OBJC_ISA_USAGE = YES_ERROR;
				CLANG_WARN_DOCUMENTATION_COMMENTS = YES;
				CLANG_WARN_EMPTY_BODY = YES;
				CLANG_WARN_ENUM_CONVERSION = YES;
				CLANG_WARN_INFINITE_RECURSION = YES;
				CLANG_WARN_INT_CONVERSION = YES;
				CLANG_WARN_NON_LITERAL_NULL_CONVERSION = YES;
				CLANG_WARN_OBJC_IMPLICIT_RETAIN_SELF = YES;
				CLANG_WARN_OBJC_LITERAL_CONVERSION = YES;
				CLANG_WARN_OBJC_ROOT_CLASS = YES_ERROR;
				CLANG_WARN_RANGE_LOOP_ANALYSIS = YES;
				CLANG_WARN_STRICT_PROTOTYPES = YES;
				CLANG_WARN_SUSPICIOUS_MOVE = YES;
				CLANG_WARN_UNGUARDED_AVAILABILITY = YES_AGGRESSIVE;
				CLANG_WARN_UNREACHABLE_CODE = YES;
				CLANG_WARN__DUPLICATE_METHOD_MATCH = YES;
				CODE_SIGN_IDENTITY = "iPhone Developer";
				COPY_PHASE_STRIP = NO;
				DEBUG_INFORMATION_FORMAT = "dwarf-with-dsym";
				ENABLE_NS_ASSERTIONS = NO;
				ENABLE_STRICT_OBJC_MSGSEND = YES;
				GCC_C_LANGUAGE_STANDARD = gnu11;
				GCC_NO_COMMON_BLOCKS = YES;
				GCC_WARN_64_TO_32_BIT_CONVERSION = YES;
				GCC_WARN_ABOUT_RETURN_TYPE = YES_ERROR;
				GCC_WARN_UNDECLARED_SELECTOR = YES;
				GCC_WARN_UNINITIALIZED_AUTOS = YES_AGGRESSIVE;
				GCC_WARN_UNUSED_FUNCTION = YES;
				GCC_WARN_UNUSED_VARIABLE = YES;
				IPHONEOS_DEPLOYMENT_TARGET = 12.2;
				MTL_ENABLE_DEBUG_INFO = NO;
				MTL_FAST_MATH = YES;
				SDKROOT = iphoneos;
				SWIFT_COMPILATION_MODE = wholemodule;
				SWIFT_OPTIMIZATION_LEVEL = "-O";
				VALIDATE_PRODUCT = YES;
			};
			name = Release;
		};
		081B131422B4320A00C3DFD4 /* Debug */ = {
			isa = XCBuildConfiguration;
			buildSettings = {
				ASSETCATALOG_COMPILER_APPICON_NAME = AppIcon;
				CODE_SIGN_STYLE = Automatic;
				INFOPLIST_FILE = "app-swoosh/Info.plist";
				LD_RUNPATH_SEARCH_PATHS = (
					"$(inherited)",
					"@executable_path/Frameworks",
				);
				PRODUCT_BUNDLE_IDENTIFIER = "volha.app-swoosh";
				PRODUCT_NAME = "$(TARGET_NAME)";
				SWIFT_VERSION = 5.0;
				TARGETED_DEVICE_FAMILY = "1,2";
			};
			name = Debug;
		};
		081B131522B4320A00C3DFD4 /* Release */ = {
			isa = XCBuildConfiguration;
			buildSettings = {
				ASSETCATALOG_COMPILER_APPICON_NAME = AppIcon;
				CODE_SIGN_STYLE = Automatic;
				INFOPLIST_FILE = "app-swoosh/Info.plist";
				LD_RUNPATH_SEARCH_PATHS = (
					"$(inherited)",
					"@executable_path/Frameworks",
				);
				PRODUCT_BUNDLE_IDENTIFIER = "volha.app-swoosh";
				PRODUCT_NAME = "$(TARGET_NAME)";
				SWIFT_VERSION = 5.0;
				TARGETED_DEVICE_FAMILY = "1,2";
			};
			name = Release;
		};
/* End XCBuildConfiguration section */

/* Begin XCConfigurationList section */
		081B12FC22B4320900C3DFD4 /* Build configuration list for PBXProject "app-swoosh" */ = {
			isa = XCConfigurationList;
			buildConfigurations = (
				081B131122B4320A00C3DFD4 /* Debug */,
				081B131222B4320A00C3DFD4 /* Release */,
			);
			defaultConfigurationIsVisible = 0;
			defaultConfigurationName = Release;
		};
		081B131322B4320A00C3DFD4 /* Build configuration list for PBXNativeTarget "app-swoosh" */ = {
			isa = XCConfigurationList;
			buildConfigurations = (
				081B131422B4320A00C3DFD4 /* Debug */,
				081B131522B4320A00C3DFD4 /* Release */,
			);
			defaultConfigurationIsVisible = 0;
			defaultConfigurationName = Release;
		};
/* End XCConfigurationList section */
	};
	rootObject = 081B12F922B4320900C3DFD4 /* Project object */;
}
